
Microsoft Visual Studio Solution File, Format Version 12.00
# Visual Studio Version 16
VisualStudioVersion = 16.0.31313.79
MinimumVisualStudioVersion = 10.0.40219.1
Project("{9A19103F-16F7-4668-BE54-9A1E7A4F7556}") = "DDP", "DDP\DDP.csproj", "{C40C4F58-C612-48CB-82FE-E46D30C2405F}"
EndProject
Global
	GlobalSection(SolutionConfigurationPlatforms) = preSolution
		ExeDebug|Any CPU = ExeDebug|Any CPU
		ExeRelease|Any CPU = ExeRelease|Any CPU
		LibraryDebug|Any CPU = LibraryDebug|Any CPU
		LibraryRelease|Any CPU = LibraryRelease|Any CPU
	EndGlobalSection
	GlobalSection(ProjectConfigurationPlatforms) = postSolution
		{C40C4F58-C612-48CB-82FE-E46D30C2405F}.ExeDebug|Any CPU.ActiveCfg = ExeDebug|Any CPU
		{C40C4F58-C612-48CB-82FE-E46D30C2405F}.ExeDebug|Any CPU.Build.0 = ExeDebug|Any CPU
		{C40C4F58-C612-48CB-82FE-E46D30C2405F}.ExeRelease|Any CPU.ActiveCfg = ExeRelease|Any CPU
		{C40C4F58-C612-48CB-82FE-E46D30C2405F}.ExeRelease|Any CPU.Build.0 = ExeRelease|Any CPU
		{C40C4F58-C612-48CB-82FE-E46D30C2405F}.LibraryDebug|Any CPU.ActiveCfg = LibraryDebug|Any CPU
		{C40C4F58-C612-48CB-82FE-E46D30C2405F}.LibraryDebug|Any CPU.Build.0 = LibraryDebug|Any CPU
		{C40C4F58-C612-48CB-82FE-E46D30C2405F}.LibraryRelease|Any CPU.ActiveCfg = LibraryRelease|Any CPU
		{C40C4F58-C612-48CB-82FE-E46D30C2405F}.LibraryRelease|Any CPU.Build.0 = LibraryRelease|Any CPU
	EndGlobalSection
	GlobalSection(SolutionProperties) = preSolution
		HideSolutionNode = FALSE
	EndGlobalSection
	GlobalSection(ExtensibilityGlobals) = postSolution
		SolutionGuid = {DBEB9E5A-4C73-4B49-827C-9F761F4149D5}
	EndGlobalSection
EndGlobal
